
Microsoft Visual Studio Solution File, Format Version 12.00
# Visual Studio Version 16
VisualStudioVersion = 16.0.30804.86
MinimumVisualStudioVersion = 10.0.40219.1
Project("{FAE04EC0-301F-11D3-BF4B-00C04F79EFBC}") = "Formulario", "Formulario.csproj", "{A888C069-9907-4BF7-8472-29E6874B6B56}"
EndProject
Global
	GlobalSection(SolutionConfigurationPlatforms) = preSolution
		Debug|Any CPU = Debug|Any CPU
		Release|Any CPU = Release|Any CPU
	EndGlobalSection
	GlobalSection(ProjectConfigurationPlatforms) = postSolution
		{A888C069-9907-4BF7-8472-29E6874B6B56}.Debug|Any CPU.ActiveCfg = Debug|Any CPU
		{A888C069-9907-4BF7-8472-29E6874B6B56}.Debug|Any CPU.Build.0 = Debug|Any CPU
		{A888C069-9907-4BF7-8472-29E6874B6B56}.Release|Any CPU.ActiveCfg = Release|Any CPU
		{A888C069-9907-4BF7-8472-29E6874B6B56}.Release|Any CPU.Build.0 = Release|Any CPU
	EndGlobalSection
	GlobalSection(SolutionProperties) = preSolution
		HideSolutionNode = FALSE
	EndGlobalSection
	GlobalSection(ExtensibilityGlobals) = postSolution
		SolutionGuid = {19AFA764-1F03-4181-A266-B8B820E77A8F}
	EndGlobalSection
EndGlobal
